// !$*UTF8*$!
{
	archiveVersion = 1;
	classes = {
	};
	objectVersion = 50;
	objects = {

/* Begin PBXBuildFile section */
		114ECB8F250E49F300A03BDF /* AppDelegate.swift in Sources */ = {isa = PBXBuildFile; fileRef = 114ECB8E250E49F300A03BDF /* AppDelegate.swift */; };
		114ECB91250E49F300A03BDF /* SceneDelegate.swift in Sources */ = {isa = PBXBuildFile; fileRef = 114ECB90250E49F300A03BDF /* SceneDelegate.swift */; };
		114ECB96250E49F300A03BDF /* Main.storyboard in Resources */ = {isa = PBXBuildFile; fileRef = 114ECB94250E49F300A03BDF /* Main.storyboard */; };
		114ECB98250E49F700A03BDF /* Assets.xcassets in Resources */ = {isa = PBXBuildFile; fileRef = 114ECB97250E49F700A03BDF /* Assets.xcassets */; };
		114ECB9B250E49F700A03BDF /* LaunchScreen.storyboard in Resources */ = {isa = PBXBuildFile; fileRef = 114ECB99250E49F700A03BDF /* LaunchScreen.storyboard */; };
		11CA0B762539DB8E0062FA5E /* LoginViewController.swift in Sources */ = {isa = PBXBuildFile; fileRef = 11CA0B752539DB8E0062FA5E /* LoginViewController.swift */; };
		11CA0B7D253A1D3F0062FA5E /* Friends.storyboard in Resources */ = {isa = PBXBuildFile; fileRef = 11CA0B7C253A1D3F0062FA5E /* Friends.storyboard */; };
		11CA0B88253A21F80062FA5E /* Groups.storyboard in Resources */ = {isa = PBXBuildFile; fileRef = 11CA0B87253A21F80062FA5E /* Groups.storyboard */; };
		11CA0B8B253A22920062FA5E /* Photos.storyboard in Resources */ = {isa = PBXBuildFile; fileRef = 11CA0B8A253A22920062FA5E /* Photos.storyboard */; };
		11CA0B8E253A22B20062FA5E /* News.storyboard in Resources */ = {isa = PBXBuildFile; fileRef = 11CA0B8D253A22B20062FA5E /* News.storyboard */; };
		11CA0B91253A32F70062FA5E /* FriendsViewController.swift in Sources */ = {isa = PBXBuildFile; fileRef = 11CA0B90253A32F70062FA5E /* FriendsViewController.swift */; };
		11CA0B94253A3DAB0062FA5E /* FriendViewCell.swift in Sources */ = {isa = PBXBuildFile; fileRef = 11CA0B93253A3DAB0062FA5E /* FriendViewCell.swift */; };
		11CA0B98253A4B7A0062FA5E /* GroupViewCell.swift in Sources */ = {isa = PBXBuildFile; fileRef = 11CA0B97253A4B7A0062FA5E /* GroupViewCell.swift */; };
		11CA0B9D253A4B9D0062FA5E /* GroupsViewController.swift in Sources */ = {isa = PBXBuildFile; fileRef = 11CA0B9C253A4B9D0062FA5E /* GroupsViewController.swift */; };
		11CA0BA0253A4DD40062FA5E /* FindGroupsViewController.swift in Sources */ = {isa = PBXBuildFile; fileRef = 11CA0B9F253A4DD40062FA5E /* FindGroupsViewController.swift */; };
		11CA0BA4253B23110062FA5E /* Group.swift in Sources */ = {isa = PBXBuildFile; fileRef = 11CA0BA3253B23110062FA5E /* Group.swift */; };
		11CA0BA7253B235B0062FA5E /* Friend.swift in Sources */ = {isa = PBXBuildFile; fileRef = 11CA0BA6253B235B0062FA5E /* Friend.swift */; };
		11CA0BAB253B26930062FA5E /* PhotosViewController.swift in Sources */ = {isa = PBXBuildFile; fileRef = 11CA0BAA253B26930062FA5E /* PhotosViewController.swift */; };
		11CA0BAF253B26C60062FA5E /* PhotoViewCell.swift in Sources */ = {isa = PBXBuildFile; fileRef = 11CA0BAE253B26C60062FA5E /* PhotoViewCell.swift */; };
/* End PBXBuildFile section */

/* Begin PBXFileReference section */
		114ECB8B250E49F300A03BDF /* VKotBOGA.app */ = {isa = PBXFileReference; explicitFileType = wrapper.application; includeInIndex = 0; path = VKotBOGA.app; sourceTree = BUILT_PRODUCTS_DIR; };
		114ECB8E250E49F300A03BDF /* AppDelegate.swift */ = {isa = PBXFileReference; lastKnownFileType = sourcecode.swift; path = AppDelegate.swift; sourceTree = "<group>"; };
		114ECB90250E49F300A03BDF /* SceneDelegate.swift */ = {isa = PBXFileReference; lastKnownFileType = sourcecode.swift; path = SceneDelegate.swift; sourceTree = "<group>"; };
		114ECB95250E49F300A03BDF /* Base */ = {isa = PBXFileReference; lastKnownFileType = file.storyboard; name = Base; path = Base.lproj/Main.storyboard; sourceTree = "<group>"; };
		114ECB97250E49F700A03BDF /* Assets.xcassets */ = {isa = PBXFileReference; lastKnownFileType = folder.assetcatalog; path = Assets.xcassets; sourceTree = "<group>"; };
		114ECB9A250E49F700A03BDF /* Base */ = {isa = PBXFileReference; lastKnownFileType = file.storyboard; name = Base; path = Base.lproj/LaunchScreen.storyboard; sourceTree = "<group>"; };
		114ECB9C250E49F700A03BDF /* Info.plist */ = {isa = PBXFileReference; lastKnownFileType = text.plist.xml; path = Info.plist; sourceTree = "<group>"; };
		11CA0B752539DB8E0062FA5E /* LoginViewController.swift */ = {isa = PBXFileReference; lastKnownFileType = sourcecode.swift; path = LoginViewController.swift; sourceTree = "<group>"; };
		11CA0B7C253A1D3F0062FA5E /* Friends.storyboard */ = {isa = PBXFileReference; lastKnownFileType = file.storyboard; path = Friends.storyboard; sourceTree = "<group>"; };
		11CA0B87253A21F80062FA5E /* Groups.storyboard */ = {isa = PBXFileReference; lastKnownFileType = file.storyboard; path = Groups.storyboard; sourceTree = "<group>"; };
		11CA0B8A253A22920062FA5E /* Photos.storyboard */ = {isa = PBXFileReference; lastKnownFileType = file.storyboard; path = Photos.storyboard; sourceTree = "<group>"; };
		11CA0B8D253A22B20062FA5E /* News.storyboard */ = {isa = PBXFileReference; lastKnownFileType = file.storyboard; path = News.storyboard; sourceTree = "<group>"; };
		11CA0B90253A32F70062FA5E /* FriendsViewController.swift */ = {isa = PBXFileReference; lastKnownFileType = sourcecode.swift; path = FriendsViewController.swift; sourceTree = "<group>"; };
		11CA0B93253A3DAB0062FA5E /* FriendViewCell.swift */ = {isa = PBXFileReference; lastKnownFileType = sourcecode.swift; path = FriendViewCell.swift; sourceTree = "<group>"; };
		11CA0B97253A4B7A0062FA5E /* GroupViewCell.swift */ = {isa = PBXFileReference; lastKnownFileType = sourcecode.swift; path = GroupViewCell.swift; sourceTree = "<group>"; };
		11CA0B9C253A4B9D0062FA5E /* GroupsViewController.swift */ = {isa = PBXFileReference; lastKnownFileType = sourcecode.swift; path = GroupsViewController.swift; sourceTree = "<group>"; };
		11CA0B9F253A4DD40062FA5E /* FindGroupsViewController.swift */ = {isa = PBXFileReference; lastKnownFileType = sourcecode.swift; path = FindGroupsViewController.swift; sourceTree = "<group>"; };
		11CA0BA3253B23110062FA5E /* Group.swift */ = {isa = PBXFileReference; lastKnownFileType = sourcecode.swift; path = Group.swift; sourceTree = "<group>"; };
		11CA0BA6253B235B0062FA5E /* Friend.swift */ = {isa = PBXFileReference; lastKnownFileType = sourcecode.swift; path = Friend.swift; sourceTree = "<group>"; };
		11CA0BAA253B26930062FA5E /* PhotosViewController.swift */ = {isa = PBXFileReference; lastKnownFileType = sourcecode.swift; path = PhotosViewController.swift; sourceTree = "<group>"; };
		11CA0BAE253B26C60062FA5E /* PhotoViewCell.swift */ = {isa = PBXFileReference; lastKnownFileType = sourcecode.swift; path = PhotoViewCell.swift; sourceTree = "<group>"; };
/* End PBXFileReference section */

/* Begin PBXFrameworksBuildPhase section */
		114ECB88250E49F300A03BDF /* Frameworks */ = {
			isa = PBXFrameworksBuildPhase;
			buildActionMask = 2147483647;
			files = (
			);
			runOnlyForDeploymentPostprocessing = 0;
		};
/* End PBXFrameworksBuildPhase section */

/* Begin PBXGroup section */
		114ECB82250E49F300A03BDF = {
			isa = PBXGroup;
			children = (
				114ECB8D250E49F300A03BDF /* VKotBOGA */,
				114ECB8C250E49F300A03BDF /* Products */,
			);
			sourceTree = "<group>";
		};
		114ECB8C250E49F300A03BDF /* Products */ = {
			isa = PBXGroup;
			children = (
				114ECB8B250E49F300A03BDF /* VKotBOGA.app */,
			);
			name = Products;
			sourceTree = "<group>";
		};
		114ECB8D250E49F300A03BDF /* VKotBOGA */ = {
			isa = PBXGroup;
			children = (
				11CA0BA9253B266B0062FA5E /* Photos */,
				11CA0BA2253B22FB0062FA5E /* Models */,
				11CA0B96253A4B5B0062FA5E /* Groups */,
				11CA0B81253A1EF00062FA5E /* Login */,
				11CA0B80253A1EE50062FA5E /* Friends */,
				11CA0B7F253A1EB20062FA5E /* Storyboards */,
				114ECB8E250E49F300A03BDF /* AppDelegate.swift */,
				114ECB90250E49F300A03BDF /* SceneDelegate.swift */,
				114ECB97250E49F700A03BDF /* Assets.xcassets */,
				114ECB9C250E49F700A03BDF /* Info.plist */,
			);
			path = VKotBOGA;
			sourceTree = "<group>";
		};
		11CA0B7F253A1EB20062FA5E /* Storyboards */ = {
			isa = PBXGroup;
			children = (
				114ECB99250E49F700A03BDF /* LaunchScreen.storyboard */,
				114ECB94250E49F300A03BDF /* Main.storyboard */,
				11CA0B7C253A1D3F0062FA5E /* Friends.storyboard */,
				11CA0B87253A21F80062FA5E /* Groups.storyboard */,
				11CA0B8A253A22920062FA5E /* Photos.storyboard */,
				11CA0B8D253A22B20062FA5E /* News.storyboard */,
			);
			path = Storyboards;
			sourceTree = "<group>";
		};
		11CA0B80253A1EE50062FA5E /* Friends */ = {
			isa = PBXGroup;
			children = (
				11CA0B90253A32F70062FA5E /* FriendsViewController.swift */,
				11CA0B93253A3DAB0062FA5E /* FriendViewCell.swift */,
			);
			path = Friends;
			sourceTree = "<group>";
		};
		11CA0B81253A1EF00062FA5E /* Login */ = {
			isa = PBXGroup;
			children = (
				11CA0B752539DB8E0062FA5E /* LoginViewController.swift */,
			);
			path = Login;
			sourceTree = "<group>";
		};
		11CA0B96253A4B5B0062FA5E /* Groups */ = {
			isa = PBXGroup;
			children = (
				11CA0B97253A4B7A0062FA5E /* GroupViewCell.swift */,
				11CA0B9C253A4B9D0062FA5E /* GroupsViewController.swift */,
				11CA0B9F253A4DD40062FA5E /* FindGroupsViewController.swift */,
			);
			path = Groups;
			sourceTree = "<group>";
		};
		11CA0BA2253B22FB0062FA5E /* Models */ = {
			isa = PBXGroup;
			children = (
				11CA0BA3253B23110062FA5E /* Group.swift */,
				11CA0BA6253B235B0062FA5E /* Friend.swift */,
			);
			path = Models;
			sourceTree = "<group>";
		};
		11CA0BA9253B266B0062FA5E /* Photos */ = {
			isa = PBXGroup;
			children = (
				11CA0BAA253B26930062FA5E /* PhotosViewController.swift */,
				11CA0BAE253B26C60062FA5E /* PhotoViewCell.swift */,
			);
			path = Photos;
			sourceTree = "<group>";
		};
/* End PBXGroup section */

/* Begin PBXNativeTarget section */
		114ECB8A250E49F300A03BDF /* VKotBOGA */ = {
			isa = PBXNativeTarget;
			buildConfigurationList = 114ECB9F250E49F700A03BDF /* Build configuration list for PBXNativeTarget "VKotBOGA" */;
			buildPhases = (
				114ECB87250E49F300A03BDF /* Sources */,
				114ECB88250E49F300A03BDF /* Frameworks */,
				114ECB89250E49F300A03BDF /* Resources */,
			);
			buildRules = (
			);
			dependencies = (
			);
			name = VKotBOGA;
			productName = VKotBOGA;
			productReference = 114ECB8B250E49F300A03BDF /* VKotBOGA.app */;
			productType = "com.apple.product-type.application";
		};
/* End PBXNativeTarget section */

/* Begin PBXProject section */
		114ECB83250E49F300A03BDF /* Project object */ = {
			isa = PBXProject;
			attributes = {
				LastSwiftUpdateCheck = 1170;
				LastUpgradeCheck = 1200;
				ORGANIZATIONNAME = "Александр Павлов";
				TargetAttributes = {
					114ECB8A250E49F300A03BDF = {
						CreatedOnToolsVersion = 11.7;
					};
				};
			};
			buildConfigurationList = 114ECB86250E49F300A03BDF /* Build configuration list for PBXProject "VKotBOGA" */;
			compatibilityVersion = "Xcode 9.3";
			developmentRegion = en;
			hasScannedForEncodings = 0;
			knownRegions = (
				en,
				Base,
			);
			mainGroup = 114ECB82250E49F300A03BDF;
			productRefGroup = 114ECB8C250E49F300A03BDF /* Products */;
			projectDirPath = "";
			projectRoot = "";
			targets = (
				114ECB8A250E49F300A03BDF /* VKotBOGA */,
			);
		};
/* End PBXProject section */

/* Begin PBXResourcesBuildPhase section */
		114ECB89250E49F300A03BDF /* Resources */ = {
			isa = PBXResourcesBuildPhase;
			buildActionMask = 2147483647;
			files = (
				11CA0B88253A21F80062FA5E /* Groups.storyboard in Resources */,
				11CA0B7D253A1D3F0062FA5E /* Friends.storyboard in Resources */,
				114ECB9B250E49F700A03BDF /* LaunchScreen.storyboard in Resources */,
				11CA0B8B253A22920062FA5E /* Photos.storyboard in Resources */,
				11CA0B8E253A22B20062FA5E /* News.storyboard in Resources */,
				114ECB98250E49F700A03BDF /* Assets.xcassets in Resources */,
				114ECB96250E49F300A03BDF /* Main.storyboard in Resources */,
			);
			runOnlyForDeploymentPostprocessing = 0;
		};
/* End PBXResourcesBuildPhase section */

/* Begin PBXSourcesBuildPhase section */
		114ECB87250E49F300A03BDF /* Sources */ = {
			isa = PBXSourcesBuildPhase;
			buildActionMask = 2147483647;
			files = (
				11CA0BA4253B23110062FA5E /* Group.swift in Sources */,
				11CA0BAB253B26930062FA5E /* PhotosViewController.swift in Sources */,
				11CA0B9D253A4B9D0062FA5E /* GroupsViewController.swift in Sources */,
				11CA0BA0253A4DD40062FA5E /* FindGroupsViewController.swift in Sources */,
				11CA0B91253A32F70062FA5E /* FriendsViewController.swift in Sources */,
				11CA0B762539DB8E0062FA5E /* LoginViewController.swift in Sources */,
				11CA0B98253A4B7A0062FA5E /* GroupViewCell.swift in Sources */,
				11CA0B94253A3DAB0062FA5E /* FriendViewCell.swift in Sources */,
				11CA0BA7253B235B0062FA5E /* Friend.swift in Sources */,
				114ECB8F250E49F300A03BDF /* AppDelegate.swift in Sources */,
				114ECB91250E49F300A03BDF /* SceneDelegate.swift in Sources */,
				11CA0BAF253B26C60062FA5E /* PhotoViewCell.swift in Sources */,
			);
			runOnlyForDeploymentPostprocessing = 0;
		};
/* End PBXSourcesBuildPhase section */

/* Begin PBXVariantGroup section */
		114ECB94250E49F300A03BDF /* Main.storyboard */ = {
			isa = PBXVariantGroup;
			children = (
				114ECB95250E49F300A03BDF /* Base */,
			);
			name = Main.storyboard;
			sourceTree = "<group>";
		};
		114ECB99250E49F700A03BDF /* LaunchScreen.storyboard */ = {
			isa = PBXVariantGroup;
			children = (
				114ECB9A250E49F700A03BDF /* Base */,
			);
			name = LaunchScreen.storyboard;
			sourceTree = "<group>";
		};
/* End PBXVariantGroup section */

/* Begin XCBuildConfiguration section */
		114ECB9D250E49F700A03BDF /* Debug */ = {
			isa = XCBuildConfiguration;
			buildSettings = {
				ALWAYS_SEARCH_USER_PATHS = NO;
				CLANG_ANALYZER_NONNULL = YES;
				CLANG_ANALYZER_NUMBER_OBJECT_CONVERSION = YES_AGGRESSIVE;
				CLANG_CXX_LANGUAGE_STANDARD = "gnu++14";
				CLANG_CXX_LIBRARY = "libc++";
				CLANG_ENABLE_MODULES = YES;
				CLANG_ENABLE_OBJC_ARC = YES;
				CLANG_ENABLE_OBJC_WEAK = YES;
				CLANG_WARN_BLOCK_CAPTURE_AUTORELEASING = YES;
				CLANG_WARN_BOOL_CONVERSION = YES;
				CLANG_WARN_COMMA = YES;
				CLANG_WARN_CONSTANT_CONVERSION = YES;
				CLANG_WARN_DEPRECATED_OBJC_IMPLEMENTATIONS = YES;
				CLANG_WARN_DIRECT_OBJC_ISA_USAGE = YES_ERROR;
				CLANG_WARN_DOCUMENTATION_COMMENTS = YES;
				CLANG_WARN_EMPTY_BODY = YES;
				CLANG_WARN_ENUM_CONVERSION = YES;
				CLANG_WARN_INFINITE_RECURSION = YES;
				CLANG_WARN_INT_CONVERSION = YES;
				CLANG_WARN_NON_LITERAL_NULL_CONVERSION = YES;
				CLANG_WARN_OBJC_IMPLICIT_RETAIN_SELF = YES;
				CLANG_WARN_OBJC_LITERAL_CONVERSION = YES;
				CLANG_WARN_OBJC_ROOT_CLASS = YES_ERROR;
				CLANG_WARN_QUOTED_INCLUDE_IN_FRAMEWORK_HEADER = YES;
				CLANG_WARN_RANGE_LOOP_ANALYSIS = YES;
				CLANG_WARN_STRICT_PROTOTYPES = YES;
				CLANG_WARN_SUSPICIOUS_MOVE = YES;
				CLANG_WARN_UNGUARDED_AVAILABILITY = YES_AGGRESSIVE;
				CLANG_WARN_UNREACHABLE_CODE = YES;
				CLANG_WARN__DUPLICATE_METHOD_MATCH = YES;
				COPY_PHASE_STRIP = NO;
				DEBUG_INFORMATION_FORMAT = dwarf;
				ENABLE_STRICT_OBJC_MSGSEND = YES;
				ENABLE_TESTABILITY = YES;
				GCC_C_LANGUAGE_STANDARD = gnu11;
				GCC_DYNAMIC_NO_PIC = NO;
				GCC_NO_COMMON_BLOCKS = YES;
				GCC_OPTIMIZATION_LEVEL = 0;
				GCC_PREPROCESSOR_DEFINITIONS = (
					"DEBUG=1",
					"$(inherited)",
				);
				GCC_WARN_64_TO_32_BIT_CONVERSION = YES;
				GCC_WARN_ABOUT_RETURN_TYPE = YES_ERROR;
				GCC_WARN_UNDECLARED_SELECTOR = YES;
				GCC_WARN_UNINITIALIZED_AUTOS = YES_AGGRESSIVE;
				GCC_WARN_UNUSED_FUNCTION = YES;
				GCC_WARN_UNUSED_VARIABLE = YES;
				IPHONEOS_DEPLOYMENT_TARGET = 13.7;
				MTL_ENABLE_DEBUG_INFO = INCLUDE_SOURCE;
				MTL_FAST_MATH = YES;
				ONLY_ACTIVE_ARCH = YES;
				SDKROOT = iphoneos;
				SWIFT_ACTIVE_COMPILATION_CONDITIONS = DEBUG;
				SWIFT_OPTIMIZATION_LEVEL = "-Onone";
			};
			name = Debug;
		};
		114ECB9E250E49F700A03BDF /* Release */ = {
			isa = XCBuildConfiguration;
			buildSettings = {
				ALWAYS_SEARCH_USER_PATHS = NO;
				CLANG_ANALYZER_NONNULL = YES;
				CLANG_ANALYZER_NUMBER_OBJECT_CONVERSION = YES_AGGRESSIVE;
				CLANG_CXX_LANGUAGE_STANDARD = "gnu++14";
				CLANG_CXX_LIBRARY = "libc++";
				CLANG_ENABLE_MODULES = YES;
				CLANG_ENABLE_OBJC_ARC = YES;
				CLANG_ENABLE_OBJC_WEAK = YES;
				CLANG_WARN_BLOCK_CAPTURE_AUTORELEASING = YES;
				CLANG_WARN_BOOL_CONVERSION = YES;
				CLANG_WARN_COMMA = YES;
				CLANG_WARN_CONSTANT_CONVERSION = YES;
				CLANG_WARN_DEPRECATED_OBJC_IMPLEMENTATIONS = YES;
				CLANG_WARN_DIRECT_OBJC_ISA_USAGE = YES_ERROR;
				CLANG_WARN_DOCUMENTATION_COMMENTS = YES;
				CLANG_WARN_EMPTY_BODY = YES;
				CLANG_WARN_ENUM_CONVERSION = YES;
				CLANG_WARN_INFINITE_RECURSION = YES;
				CLANG_WARN_INT_CONVERSION = YES;
				CLANG_WARN_NON_LITERAL_NULL_CONVERSION = YES;
				CLANG_WARN_OBJC_IMPLICIT_RETAIN_SELF = YES;
				CLANG_WARN_OBJC_LITERAL_CONVERSION = YES;
				CLANG_WARN_OBJC_ROOT_CLASS = YES_ERROR;
				CLANG_WARN_QUOTED_INCLUDE_IN_FRAMEWORK_HEADER = YES;
				CLANG_WARN_RANGE_LOOP_ANALYSIS = YES;
				CLANG_WARN_STRICT_PROTOTYPES = YES;
				CLANG_WARN_SUSPICIOUS_MOVE = YES;
				CLANG_WARN_UNGUARDED_AVAILABILITY = YES_AGGRESSIVE;
				CLANG_WARN_UNREACHABLE_CODE = YES;
				CLANG_WARN__DUPLICATE_METHOD_MATCH = YES;
				COPY_PHASE_STRIP = NO;
				DEBUG_INFORMATION_FORMAT = "dwarf-with-dsym";
				ENABLE_NS_ASSERTIONS = NO;
				ENABLE_STRICT_OBJC_MSGSEND = YES;
				GCC_C_LANGUAGE_STANDARD = gnu11;
				GCC_NO_COMMON_BLOCKS = YES;
				GCC_WARN_64_TO_32_BIT_CONVERSION = YES;
				GCC_WARN_ABOUT_RETURN_TYPE = YES_ERROR;
				GCC_WARN_UNDECLARED_SELECTOR = YES;
				GCC_WARN_UNINITIALIZED_AUTOS = YES_AGGRESSIVE;
				GCC_WARN_UNUSED_FUNCTION = YES;
				GCC_WARN_UNUSED_VARIABLE = YES;
				IPHONEOS_DEPLOYMENT_TARGET = 13.7;
				MTL_ENABLE_DEBUG_INFO = NO;
				MTL_FAST_MATH = YES;
				SDKROOT = iphoneos;
				SWIFT_COMPILATION_MODE = wholemodule;
				SWIFT_OPTIMIZATION_LEVEL = "-O";
				VALIDATE_PRODUCT = YES;
			};
			name = Release;
		};
		114ECBA0250E49F700A03BDF /* Debug */ = {
			isa = XCBuildConfiguration;
			buildSettings = {
				ASSETCATALOG_COMPILER_APPICON_NAME = AppIcon;
				CODE_SIGN_STYLE = Automatic;
				DEVELOPMENT_TEAM = Q2Z9F5L738;
				INFOPLIST_FILE = VKotBOGA/Info.plist;
				LD_RUNPATH_SEARCH_PATHS = (
					"$(inherited)",
					"@executable_path/Frameworks",
				);
				PRODUCT_BUNDLE_IDENTIFIER = ru.lemur.VKotBOGA;
				PRODUCT_NAME = "$(TARGET_NAME)";
				SWIFT_VERSION = 5.0;
				TARGETED_DEVICE_FAMILY = "1,2";
			};
			name = Debug;
		};
		114ECBA1250E49F700A03BDF /* Release */ = {
			isa = XCBuildConfiguration;
			buildSettings = {
				ASSETCATALOG_COMPILER_APPICON_NAME = AppIcon;
				CODE_SIGN_STYLE = Automatic;
				DEVELOPMENT_TEAM = Q2Z9F5L738;
				INFOPLIST_FILE = VKotBOGA/Info.plist;
				LD_RUNPATH_SEARCH_PATHS = (
					"$(inherited)",
					"@executable_path/Frameworks",
				);
				PRODUCT_BUNDLE_IDENTIFIER = ru.lemur.VKotBOGA;
				PRODUCT_NAME = "$(TARGET_NAME)";
				SWIFT_VERSION = 5.0;
				TARGETED_DEVICE_FAMILY = "1,2";
			};
			name = Release;
		};
/* End XCBuildConfiguration section */

/* Begin XCConfigurationList section */
		114ECB86250E49F300A03BDF /* Build configuration list for PBXProject "VKotBOGA" */ = {
			isa = XCConfigurationList;
			buildConfigurations = (
				114ECB9D250E49F700A03BDF /* Debug */,
				114ECB9E250E49F700A03BDF /* Release */,
			);
			defaultConfigurationIsVisible = 0;
			defaultConfigurationName = Release;
		};
		114ECB9F250E49F700A03BDF /* Build configuration list for PBXNativeTarget "VKotBOGA" */ = {
			isa = XCConfigurationList;
			buildConfigurations = (
				114ECBA0250E49F700A03BDF /* Debug */,
				114ECBA1250E49F700A03BDF /* Release */,
			);
			defaultConfigurationIsVisible = 0;
			defaultConfigurationName = Release;
		};
/* End XCConfigurationList section */
	};
	rootObject = 114ECB83250E49F300A03BDF /* Project object */;
}
